<?xml version="1.0" encoding="utf-8"?>
<Project ToolsVersion="4.0" xmlns="http://schemas.microsoft.com/developer/msbuild/2003">
  <ItemGroup>
    <Filter Include="头文件">
      <UniqueIdentifier>{608a6e50-e402-499a-8612-3acca836baa7}</UniqueIdentifier>
    </Filter>
    <Filter Include="源文件">
      <UniqueIdentifier>{05686de2-b72c-437f-ae02-e3f8b51ee7fd}</UniqueIdentifier>
    </Filter>
  </ItemGroup>
  <ItemGroup>
    <ClInclude Include="Src\Addr.h">
      <Filter>头文件</Filter>
    </ClInclude>
    <ClInclude Include="Src\Buffer.h">
      <Filter>头文件</Filter>
    </ClInclude>
    <ClInclude Include="Src\Buffer_old.h">
      <Filter>头文件</Filter>
    </ClInclude>
    <ClInclude Include="Src\ClientContext.h">
      <Filter>头文件</Filter>
    </ClInclude>
    <ClInclude Include="Src\Codec.h">
      <Filter>头文件</Filter>
    </ClInclude>
    <ClInclude Include="Src\Global.h">
      <Filter>头文件</Filter>
    </ClInclude>
    <ClInclude Include="Src\HttpCodec.h">
      <Filter>头文件</Filter>
    </ClInclude>
    <ClInclude Include="Src\HttpMessage.h">
      <Filter>头文件</Filter>
    </ClInclude>
    <ClInclude Include="Src\HttpServer.h">
      <Filter>头文件</Filter>
    </ClInclude>
    <ClInclude Include="Src\IoContext.h">
      <Filter>头文件</Filter>
    </ClInclude>
    <ClInclude Include="Src\IocpServer.h">
      <Filter>头文件</Filter>
    </ClInclude>
    <ClInclude Include="Src\LockGuard.h">
      <Filter>头文件</Filter>
    </ClInclude>
    <ClInclude Include="Src\Mempool.h">
      <Filter>头文件</Filter>
    </ClInclude>
    <ClInclude Include="Src\Net.h">
      <Filter>头文件</Filter>
    </ClInclude>
    <ClInclude Include="Src\Slice.h">
      <Filter>头文件</Filter>
    </ClInclude>
    <ClInclude Include="Src\Timer.h">
      <Filter>头文件</Filter>
    </ClInclude>
  </ItemGroup>
  <ItemGroup>
    <ClCompile Include="Src\Addr.cpp">
      <Filter>源文件</Filter>
    </ClCompile>
    <ClCompile Include="Src\Buffer.cpp">
      <Filter>源文件</Filter>
    </ClCompile>
    <ClCompile Include="Src\Buffer_old.cpp">
      <Filter>源文件</Filter>
    </ClCompile>
    <ClCompile Include="Src\ClientContext.cpp">
      <Filter>源文件</Filter>
    </ClCompile>
    <ClCompile Include="Src\Codec.cpp">
      <Filter>源文件</Filter>
    </ClCompile>
    <ClCompile Include="Src\HttpCodec.cpp">
      <Filter>源文件</Filter>
    </ClCompile>
    <ClCompile Include="Src\HttpMessage.cpp">
      <Filter>源文件</Filter>
    </ClCompile>
    <ClCompile Include="Src\HttpServer.cpp">
      <Filter>源文件</Filter>
    </ClCompile>
    <ClCompile Include="Src\IoContext.cpp">
      <Filter>源文件</Filter>
    </ClCompile>
    <ClCompile Include="Src\IocpServer.cpp">
      <Filter>源文件</Filter>
    </ClCompile>
    <ClCompile Include="Src\main.cpp">
      <Filter>源文件</Filter>
    </ClCompile>
    <ClCompile Include="Src\Net.cpp">
      <Filter>源文件</Filter>
    </ClCompile>
    <ClCompile Include="Src\Slice.cpp">
      <Filter>源文件</Filter>
    </ClCompile>
    <ClCompile Include="Src\Timer.cpp">
      <Filter>源文件</Filter>
    </ClCompile>
  </ItemGroup>
</Project>